PODS:
  - Alamofire (4.7.1)
  - OAuthSwift (1.2.0)
  - Realm (3.3.2):
    - Realm/Headers (= 3.3.2)
  - Realm/Headers (3.3.2)
  - RealmSwift (3.3.2):
    - Realm (= 3.3.2)
  - SDWebImage (4.3.3):
    - SDWebImage/Core (= 4.3.3)
  - SDWebImage/Core (4.3.3)
  - SimpleImageViewer (1.1.1)
  - TRMosaicLayout (1.0.0)
  - Whisper (6.0.2)

DEPENDENCIES:
  - Alamofire
  - OAuthSwift (~> 1.2.0)
  - RealmSwift
  - SDWebImage
  - SimpleImageViewer
  - TRMosaicLayout
  - Whisper

SPEC REPOS:
  https://github.com/CocoaPods/Specs.git:
    - Alamofire
    - OAuthSwift
    - Realm
    - RealmSwift
    - SDWebImage
    - SimpleImageViewer
    - TRMosaicLayout
    - Whisper

SPEC CHECKSUMS:
  Alamofire: 68d7d521118d49c615a8d2214d87cdf525599d30
  OAuthSwift: 7fd6855b8e4d58eb5a30d156ea9bed7a8aecd1ca
  Realm: d927fbf66df5532cfafc08afb5f7e53ded37b894
  RealmSwift: 4e903a494e05d866581d69ad6f7e7b879d446baf
  SDWebImage: de4d90b5bff3571eae7bd16202b1f43135409fa5
  SimpleImageViewer: 34c3a2cde2d9ac022146772cefc27fca14b0c8b1
  TRMosaicLayout: 1875505c48dd2877afd69a8bea7b4c1c63afa5b5
  Whisper: 169760fc4bab0abf24d5529f9276f95c25cf1025

PODFILE CHECKSUM: f4d8c6fbab2eba1796020c408a844ea7d8dc155a

COCOAPODS: 1.5.0
